
Microsoft Visual Studio Solution File, Format Version 12.00
# Visual Studio Version 17
VisualStudioVersion = 17.0.31815.197
MinimumVisualStudioVersion = 10.0.40219.1
Project("{9A19103F-16F7-4668-BE54-9A1E7A4F7556}") = "MediaNavIGO", "MediaNavIGO\MediaNavIGO.csproj", "{0774502E-6F8C-4BD6-BDB2-04B46383783A}"
EndProject
Project("{9A19103F-16F7-4668-BE54-9A1E7A4F7556}") = "ObjectListView", "ObjectListView\ObjectListView.csproj", "{AF3E0DBF-C7A0-4C6B-AD11-C6A9AF5C9241}"
EndProject
Global
	GlobalSection(SolutionConfigurationPlatforms) = preSolution
		Debug|Any CPU = Debug|Any CPU
		Release|Any CPU = Release|Any CPU
	EndGlobalSection
	GlobalSection(ProjectConfigurationPlatforms) = postSolution
		{0774502E-6F8C-4BD6-BDB2-04B46383783A}.Debug|Any CPU.ActiveCfg = Debug|Any CPU
		{0774502E-6F8C-4BD6-BDB2-04B46383783A}.Debug|Any CPU.Build.0 = Debug|Any CPU
		{0774502E-6F8C-4BD6-BDB2-04B46383783A}.Release|Any CPU.ActiveCfg = Release|Any CPU
		{0774502E-6F8C-4BD6-BDB2-04B46383783A}.Release|Any CPU.Build.0 = Release|Any CPU
		{AF3E0DBF-C7A0-4C6B-AD11-C6A9AF5C9241}.Debug|Any CPU.ActiveCfg = Debug|Any CPU
		{AF3E0DBF-C7A0-4C6B-AD11-C6A9AF5C9241}.Debug|Any CPU.Build.0 = Debug|Any CPU
		{AF3E0DBF-C7A0-4C6B-AD11-C6A9AF5C9241}.Release|Any CPU.ActiveCfg = Release|Any CPU
		{AF3E0DBF-C7A0-4C6B-AD11-C6A9AF5C9241}.Release|Any CPU.Build.0 = Release|Any CPU
	EndGlobalSection
	GlobalSection(SolutionProperties) = preSolution
		HideSolutionNode = FALSE
	EndGlobalSection
	GlobalSection(ExtensibilityGlobals) = postSolution
		SolutionGuid = {10196F3E-4D21-45BE-BD20-BD99464B3F7F}
	EndGlobalSection
EndGlobal
